
Microsoft Visual Studio Solution File, Format Version 12.00
# Visual Studio Version 16
VisualStudioVersion = 16.0.29503.13
MinimumVisualStudioVersion = 10.0.40219.1
Project("{FAE04EC0-301F-11D3-BF4B-00C04F79EFBC}") = "MiniAccounting", "MiniAccounting\MiniAccounting.csproj", "{0287C75E-D4B9-46A7-94A6-7AB0C8D1ACB8}"
EndProject
Global
	GlobalSection(SolutionConfigurationPlatforms) = preSolution
		Debug|Any CPU = Debug|Any CPU
		Release|Any CPU = Release|Any CPU
	EndGlobalSection
	GlobalSection(ProjectConfigurationPlatforms) = postSolution
		{0287C75E-D4B9-46A7-94A6-7AB0C8D1ACB8}.Debug|Any CPU.ActiveCfg = Debug|Any CPU
		{0287C75E-D4B9-46A7-94A6-7AB0C8D1ACB8}.Debug|Any CPU.Build.0 = Debug|Any CPU
		{0287C75E-D4B9-46A7-94A6-7AB0C8D1ACB8}.Release|Any CPU.ActiveCfg = Release|Any CPU
		{0287C75E-D4B9-46A7-94A6-7AB0C8D1ACB8}.Release|Any CPU.Build.0 = Release|Any CPU
	EndGlobalSection
	GlobalSection(SolutionProperties) = preSolution
		HideSolutionNode = FALSE
	EndGlobalSection
	GlobalSection(ExtensibilityGlobals) = postSolution
		SolutionGuid = {F4FEEFF4-435A-4959-A3A9-9C1A73AA9BCF}
	EndGlobalSection
EndGlobal
